# THIS IS AN AUTOGENERATED FILE. DO NOT EDIT THIS FILE DIRECTLY.
# yarn lockfile v1


"@aws-amplify/analytics@^1.2.11":
  version "1.2.11"
  resolved "https://registry.yarnpkg.com/@aws-amplify/analytics/-/analytics-1.2.11.tgz#d4c364c90a6d43646b28825656d77088957d74bb"
  integrity sha512-I5FFiKog/5L/60OONevHdRvRcLPGpzShfyockTH0/Iq+2WBbLkOmUTmPetJHXEMbaUO+zy2NpI4/pX44FeGw+Q==
  dependencies:
    "@aws-amplify/cache" "^1.0.23"
    "@aws-amplify/core" "^1.0.23"
    uuid "^3.2.1"

"@aws-amplify/api@^1.0.29":
  version "1.0.29"
  resolved "https://registry.yarnpkg.com/@aws-amplify/api/-/api-1.0.29.tgz#c2d7cc1a0ac89185f528f60802734f773dec466b"
  integrity sha512-HH7X65T5fcpx+R0Z34HKXAneQ4RzBVV51mRE6pdp66fqGeaOZEY/xMRCFZ+IQnfFckgdcw8gISzGPbsCj653bw==
  dependencies:
    "@aws-amplify/auth" "^1.2.18"
    "@aws-amplify/cache" "^1.0.23"
    "@aws-amplify/core" "^1.0.23"
    "@types/zen-observable" "^0.5.3"
    axios "^0.17.0"
    graphql "0.13.0"
    uuid "^3.2.1"
    zen-observable "^0.8.6"

"@aws-amplify/auth@^1.2.18":
  version "1.2.18"
  resolved "https://registry.yarnpkg.com/@aws-amplify/auth/-/auth-1.2.18.tgz#617b11b777483a6c60ef4f9fd67b2b62fafaca13"
  integrity sha512-8fNzSP99Vfh+ZcWWvaBmL5TfB8tXNIvYH36VuH+3hqSICouZ64+aN5aaDAP+jWgk0km1Kqau7DzEVjh6qCfn2Q==
  dependencies:
    "@aws-amplify/cache" "^1.0.23"
    "@aws-amplify/core" "^1.0.23"
    amazon-cognito-auth-js "^1.3.2"
    amazon-cognito-identity-js "^3.0.9"

"@aws-amplify/cache@^1.0.23":
  version "1.0.23"
  resolved "https://registry.yarnpkg.com/@aws-amplify/cache/-/cache-1.0.23.tgz#a15a2e030cd0e22998a4f294143dcf695667241e"
  integrity sha512-qH120o8A+nwJHs/Cih/HW7fqXto6bShF3hYDxCph7UvuQqBAeNCzu/dmLIO0gxWZnATf8Pjg15u4D1clYQMpaQ==
  dependencies:
    "@aws-amplify/core" "^1.0.23"

"@aws-amplify/core@^1.0.23":
  version "1.0.23"
  resolved "https://registry.yarnpkg.com/@aws-amplify/core/-/core-1.0.23.tgz#d9ac79ead544a0ca2a221a2d5ab20e22995b2a49"
  integrity sha512-zJJcgoYwncJfrbigBbQLU5qF+g6PM3eyM45XwyiwHKixTFHUpQTgq+rCy2wfLodyEjrmggrisR9+wBdVOZvVTg==
  dependencies:
    aws-sdk "2.329.0"
    url "^0.11.0"

"@aws-amplify/interactions@^1.0.26":
  version "1.0.26"
  resolved "https://registry.yarnpkg.com/@aws-amplify/interactions/-/interactions-1.0.26.tgz#219441149e771443ee088a138564e70004d65d59"
  integrity sha512-9Yaji0os1PNd80AK1NDEMRl3985CuH2orjIK/SeuR707yDFAObrgmbXQuRW9oTl5rYAa5b6kjyFrxfOGB5N7Rg==
  dependencies:
    "@aws-amplify/core" "^1.0.23"

"@aws-amplify/pubsub@^1.0.24":
  version "1.0.24"
  resolved "https://registry.yarnpkg.com/@aws-amplify/pubsub/-/pubsub-1.0.24.tgz#f578c36f382395fe2cc04a088fd7db1874333de8"
  integrity sha512-uR3sXIBFnLfVcADgaJLyN+1Ili8pJv6l9tb8J5ZscN+nTKUDVQ4LLI+d9fACC+cCR2Y83slPd4XezrgaFdEBPQ==
  dependencies:
    "@aws-amplify/core" "^1.0.23"
    "@types/zen-observable" "^0.5.3"
    uuid "^3.2.1"
    zen-observable "^0.8.6"

"@aws-amplify/storage@^1.0.26":
  version "1.0.26"
  resolved "https://registry.yarnpkg.com/@aws-amplify/storage/-/storage-1.0.26.tgz#bcf5666fc5adcd245020ff06d35484d9d91ac7ac"
  integrity sha512-nJMzRZ3WYTlj/Q1H1DKH1e9Fudp9n9PNcB9QFdnSJ0oTejOhUyd3TnMC1wIKA/XqFlg9CtoVojfOZqLms70XiQ==
  dependencies:
    "@aws-amplify/core" "^1.0.23"

"@aws-amplify/ui@^1.0.17":
  version "1.0.17"
  resolved "https://registry.yarnpkg.com/@aws-amplify/ui/-/ui-1.0.17.tgz#4c4e91a13e4369adeb097371e08b82a9f1000348"
  integrity sha512-wG5lGVnSGrtW43yKYxlktV1dZ3h585FMOmpsWkNgSHx7EPzjWY19bMROYuDi0YhKJv9DU2ngkUDQIhgHLljfWA==

"@aws-amplify/xr@^0.1.13":
  version "0.1.13"
  resolved "https://registry.yarnpkg.com/@aws-amplify/xr/-/xr-0.1.13.tgz#f79d888bf0a3e0da86eb67507445a0813e9de872"
  integrity sha512-3iQTThcUZMy3AhlWgH7wIvl/UDHOsOytDQhUy5o8V/3qWMRNOeLh405okT3s+ujrZ5oKIQvdkmrpDRZVNKwZ7g==
  dependencies:
    "@aws-amplify/core" "^1.0.23"

"@bagubagu/utils@^1.8.0":
  version "1.8.0"
  resolved "https://registry.yarnpkg.com/@bagubagu/utils/-/utils-1.8.0.tgz#d70705d786917ed0395ea58bc77d6bf9c4a9305a"
  integrity sha512-nCSS19z3hqHtMTikzgox1Te0Rzph9EITSqI9W85TMOo34a3YOQuxi7Vg3xhWMUIvS+G1snyMRS7za/4yHaCiIg==

"@types/zen-observable@^0.5.3":
  version "0.5.4"
  resolved "https://registry.yarnpkg.com/@types/zen-observable/-/zen-observable-0.5.4.tgz#b863a4191e525206819e008097ebf0fb2e3a1cdc"
  integrity sha512-sW6xN96wUak4tgc89d0tbTg7QDGYhGv5hvQIS6h4mRCd8h2btiZ80loPU8cyLwsBbA4ZeQt0FjvUhJ4rNhdsGg==

amazon-cognito-auth-js@^1.3.2:
  version "1.3.2"
  resolved "https://registry.yarnpkg.com/amazon-cognito-auth-js/-/amazon-cognito-auth-js-1.3.2.tgz#975aa6f2f6d5e39d364ff27a39b971d3d7d4b9fb"
  integrity sha512-XeCZN1QVGXN61PTTkgUrTm89/ukLQAZbOkJXFm9FSCtq1lVMmCKgxAuslMYh+IHmvJifIVypfvb6uiQl5EHCPg==
  dependencies:
    js-cookie "^2.1.4"

amazon-cognito-identity-js@^3.0.9:
  version "3.0.9"
  resolved "https://registry.yarnpkg.com/amazon-cognito-identity-js/-/amazon-cognito-identity-js-3.0.9.tgz#7a064e0dcc68a4739a47e68af792e7dbfeb67bc3"
  integrity sha512-RhgFLF81jmjjNIn8EbofPKeyarQ3aiGwBts1LtZDsmE8bHsRSom15xA23XTAfPBpboW+XZyFYbNc6vnOHnIAwg==
  dependencies:
    buffer "4.9.1"
    crypto-js "^3.1.9-1"
    js-cookie "^2.1.4"

aws-amplify@^1.1.22:
  version "1.1.22"
  resolved "https://registry.yarnpkg.com/aws-amplify/-/aws-amplify-1.1.22.tgz#7f10ee377ce4cd50da1fba53f4573ee283fb5ce3"
  integrity sha512-kNYJgDAdah8I0e3oLGPKGVvcYcOxV3cDSgUvXvUzvNVZW1FaaVhcgV7BMMhIpOlIeoC8XyrSwOg/AtLi+Fa59w==
  dependencies:
    "@aws-amplify/analytics" "^1.2.11"
    "@aws-amplify/api" "^1.0.29"
    "@aws-amplify/auth" "^1.2.18"
    "@aws-amplify/cache" "^1.0.23"
    "@aws-amplify/core" "^1.0.23"
    "@aws-amplify/interactions" "^1.0.26"
    "@aws-amplify/pubsub" "^1.0.24"
    "@aws-amplify/storage" "^1.0.26"
    "@aws-amplify/ui" "^1.0.17"
    "@aws-amplify/xr" "^0.1.13"

aws-sdk@2.329.0:
  version "2.329.0"
  resolved "https://registry.yarnpkg.com/aws-sdk/-/aws-sdk-2.329.0.tgz#616da7ca5e1909e53333148694990e068272150f"
  integrity sha512-5yti9jyL6QL8CP5LGKX3uyrQcLAvLk6kyMZ749+F68IsutFKi0DaYxjxqx7lqWfzCSH3Z5REJ+XeywJLQ2tqfQ==
  dependencies:
    buffer "4.9.1"
    events "1.1.1"
    ieee754 "1.1.8"
    jmespath "0.15.0"
    querystring "0.2.0"
    sax "1.2.1"
    url "0.10.3"
    uuid "3.1.0"
    xml2js "0.4.19"

aws-sdk@^2.427.0:
  version "2.427.0"
  resolved "https://registry.yarnpkg.com/aws-sdk/-/aws-sdk-2.427.0.tgz#74c3d7d3d57229ea07eb19232a9310b3b775ddf6"
  integrity sha512-NpFNZa7Wt9fQ8hRLt40OD1ii3qnIhUkpXH4fMSjXP2YqGxCYAHYRj2yARN86YJKCMH566+QobTRyPjtgEWmMKA==
  dependencies:
    buffer "4.9.1"
    events "1.1.1"
    ieee754 "1.1.8"
    jmespath "0.15.0"
    querystring "0.2.0"
    sax "1.2.1"
    url "0.10.3"
    uuid "3.3.2"
    xml2js "0.4.19"

axios@^0.17.0:
  version "0.17.1"
  resolved "https://registry.yarnpkg.com/axios/-/axios-0.17.1.tgz#2d8e3e5d0bdbd7327f91bc814f5c57660f81824d"
  integrity sha1-LY4+XQvb1zJ/kbyBT1xXZg+Bgk0=
  dependencies:
    follow-redirects "^1.2.5"
    is-buffer "^1.1.5"

base64-js@^1.0.2:
  version "1.3.0"
  resolved "https://registry.yarnpkg.com/base64-js/-/base64-js-1.3.0.tgz#cab1e6118f051095e58b5281aea8c1cd22bfc0e3"
  integrity sha512-ccav/yGvoa80BQDljCxsmmQ3Xvx60/UpBIij5QN21W3wBi/hhIC9OoO+KLpu9IJTS9j4DRVJ3aDDF9cMSoa2lw==

buffer@4.9.1:
  version "4.9.1"
  resolved "https://registry.yarnpkg.com/buffer/-/buffer-4.9.1.tgz#6d1bb601b07a4efced97094132093027c95bc298"
  integrity sha1-bRu2AbB6TvztlwlBMgkwJ8lbwpg=
  dependencies:
    base64-js "^1.0.2"
    ieee754 "^1.1.4"
    isarray "^1.0.0"

crypto-js@^3.1.9-1:
  version "3.1.9-1"
  resolved "https://registry.yarnpkg.com/crypto-js/-/crypto-js-3.1.9-1.tgz#fda19e761fc077e01ffbfdc6e9fdfc59e8806cd8"
  integrity sha1-/aGedh/Ad+Af+/3G6f38WeiAbNg=

debug@^3.2.6:
  version "3.2.6"
  resolved "https://registry.yarnpkg.com/debug/-/debug-3.2.6.tgz#e83d17de16d8a7efb7717edbe5fb10135eee629b"
  integrity sha512-mel+jf7nrtEl5Pn1Qx46zARXKDpBbvzezse7p7LqINmdoIk8PYP5SySaxEmYv6TZ0JyEKA1hsCId6DIhgITtWQ==
  dependencies:
    ms "^2.1.1"

events@1.1.1:
  version "1.1.1"
  resolved "https://registry.yarnpkg.com/events/-/events-1.1.1.tgz#9ebdb7635ad099c70dcc4c2a1f5004288e8bd924"
  integrity sha1-nr23Y1rQmccNzEwqH1AEKI6L2SQ=

follow-redirects@^1.2.5:
  version "1.7.0"
  resolved "https://registry.yarnpkg.com/follow-redirects/-/follow-redirects-1.7.0.tgz#489ebc198dc0e7f64167bd23b03c4c19b5784c76"
  integrity sha512-m/pZQy4Gj287eNy94nivy5wchN3Kp+Q5WgUPNy5lJSZ3sgkVKSYV/ZChMAQVIgx1SqfZ2zBZtPA2YlXIWxxJOQ==
  dependencies:
    debug "^3.2.6"

graphql@0.13.0:
  version "0.13.0"
  resolved "https://registry.yarnpkg.com/graphql/-/graphql-0.13.0.tgz#d1b44a282279a9ce0a6ec1037329332f4c1079b6"
  integrity sha512-WlO+ZJT9aY3YrBT+H5Kk+eVb3OVVehB9iRD/xqeHdmrrn4AFl5FIcOpfHz/vnBr6Y6JthGMlnFqU8XRnDjSR7A==
  dependencies:
    iterall "1.1.x"

ieee754@1.1.8:
  version "1.1.8"
  resolved "https://registry.yarnpkg.com/ieee754/-/ieee754-1.1.8.tgz#be33d40ac10ef1926701f6f08a2d86fbfd1ad3e4"
  integrity sha1-vjPUCsEO8ZJnAfbwii2G+/0a0+Q=

ieee754@^1.1.4:
  version "1.1.12"
  resolved "https://registry.yarnpkg.com/ieee754/-/ieee754-1.1.12.tgz#50bf24e5b9c8bb98af4964c941cdb0918da7b60b"
  integrity sha512-GguP+DRY+pJ3soyIiGPTvdiVXjZ+DbXOxGpXn3eMvNW4x4irjqXm4wHKscC+TfxSJ0yw/S1F24tqdMNsMZTiLA==

is-buffer@^1.1.5:
  version "1.1.6"
  resolved "https://registry.yarnpkg.com/is-buffer/-/is-buffer-1.1.6.tgz#efaa2ea9daa0d7ab2ea13a97b2b8ad51fefbe8be"
  integrity sha512-NcdALwpXkTm5Zvvbk7owOUSvVvBKDgKP5/ewfXEznmQFfs4ZRmanOeKBTjRVjka3QFoN6XJ+9F3USqfHqTaU5w==

isarray@^1.0.0:
  version "1.0.0"
  resolved "https://registry.yarnpkg.com/isarray/-/isarray-1.0.0.tgz#bb935d48582cba168c06834957a54a3e07124f11"
  integrity sha1-u5NdSFgsuhaMBoNJV6VKPgcSTxE=

iterall@1.1.x:
  version "1.1.4"
  resolved "https://registry.yarnpkg.com/iterall/-/iterall-1.1.4.tgz#0db40d38fdcf53ae14dc8ec674e62ab190d52cfc"
  integrity sha512-eaDsM/PY8D/X5mYQhecVc5/9xvSHED7yPON+ffQroBeTuqUVm7dfphMkK8NksXuImqZlVRoKtrNfMIVCYIqaUQ==

jmespath@0.15.0:
  version "0.15.0"
  resolved "https://registry.yarnpkg.com/jmespath/-/jmespath-0.15.0.tgz#a3f222a9aae9f966f5d27c796510e28091764217"
  integrity sha1-o/Iiqarp+Wb10nx5ZRDigJF2Qhc=

js-cookie@^2.1.4:
  version "2.2.0"
  resolved "https://registry.yarnpkg.com/js-cookie/-/js-cookie-2.2.0.tgz#1b2c279a6eece380a12168b92485265b35b1effb"
  integrity sha1-Gywnmm7s44ChIWi5JIUmWzWx7/s=

moment@^2.24.0:
  version "2.24.0"
  resolved "https://registry.yarnpkg.com/moment/-/moment-2.24.0.tgz#0d055d53f5052aa653c9f6eb68bb5d12bf5c2b5b"
  integrity sha512-bV7f+6l2QigeBBZSM/6yTNq4P2fNpSWj/0e7jQcy87A8e7o2nAfP/34/2ky5Vw4B9S446EtIhodAzkFCcR4dQg==

ms@^2.1.1:
  version "2.1.1"
  resolved "https://registry.yarnpkg.com/ms/-/ms-2.1.1.tgz#30a5864eb3ebb0a66f2ebe6d727af06a09d86e0a"
  integrity sha512-tgp+dl5cGk28utYktBsrFqA7HKgrhgPsg6Z/EfhWI4gl1Hwq8B/GmY/0oXZ6nF8hDVesS/FpnYaD/kOWhYQvyg==

punycode@1.3.2:
  version "1.3.2"
  resolved "https://registry.yarnpkg.com/punycode/-/punycode-1.3.2.tgz#9653a036fb7c1ee42342f2325cceefea3926c48d"
  integrity sha1-llOgNvt8HuQjQvIyXM7v6jkmxI0=

querystring@0.2.0:
  version "0.2.0"
  resolved "https://registry.yarnpkg.com/querystring/-/querystring-0.2.0.tgz#b209849203bb25df820da756e747005878521620"
  integrity sha1-sgmEkgO7Jd+CDadW50cAWHhSFiA=

sax@1.2.1:
  version "1.2.1"
  resolved "https://registry.yarnpkg.com/sax/-/sax-1.2.1.tgz#7b8e656190b228e81a66aea748480d828cd2d37a"
  integrity sha1-e45lYZCyKOgaZq6nSEgNgozS03o=

sax@>=0.6.0:
  version "1.2.4"
  resolved "https://registry.yarnpkg.com/sax/-/sax-1.2.4.tgz#2816234e2378bddc4e5354fab5caa895df7100d9"
  integrity sha512-NqVDv9TpANUjFm0N8uM5GxL36UgKi9/atZw+x7YFnQ8ckwFGKrl4xX4yWtrey3UJm5nP1kUbnYgLopqWNSRhWw==

url@0.10.3:
  version "0.10.3"
  resolved "https://registry.yarnpkg.com/url/-/url-0.10.3.tgz#021e4d9c7705f21bbf37d03ceb58767402774c64"
  integrity sha1-Ah5NnHcF8hu/N9A861h2dAJ3TGQ=
  dependencies:
    punycode "1.3.2"
    querystring "0.2.0"

url@^0.11.0:
  version "0.11.0"
  resolved "https://registry.yarnpkg.com/url/-/url-0.11.0.tgz#3838e97cfc60521eb73c525a8e55bfdd9e2e28f1"
  integrity sha1-ODjpfPxgUh63PFJajlW/3Z4uKPE=
  dependencies:
    punycode "1.3.2"
    querystring "0.2.0"

uuid@3.1.0:
  version "3.1.0"
  resolved "https://registry.yarnpkg.com/uuid/-/uuid-3.1.0.tgz#3dd3d3e790abc24d7b0d3a034ffababe28ebbc04"
  integrity sha512-DIWtzUkw04M4k3bf1IcpS2tngXEL26YUD2M0tMDUpnUrz2hgzUBlD55a4FjdLGPvfHxS6uluGWvaVEqgBcVa+g==

uuid@3.3.2, uuid@^3.2.1:
  version "3.3.2"
  resolved "https://registry.yarnpkg.com/uuid/-/uuid-3.3.2.tgz#1b4af4955eb3077c501c23872fc6513811587131"
  integrity sha512-yXJmeNaw3DnnKAOKJE51sL/ZaYfWJRl1pK9dr19YFCu0ObS231AB1/LbqTKRAQ5kw8A90rA6fr4riOUpTZvQZA==

xml2js@0.4.19:
  version "0.4.19"
  resolved "https://registry.yarnpkg.com/xml2js/-/xml2js-0.4.19.tgz#686c20f213209e94abf0d1bcf1efaa291c7827a7"
  integrity sha512-esZnJZJOiJR9wWKMyuvSE1y6Dq5LCuJanqhxslH2bxM6duahNZ+HMpCLhBQGZkbX6xRf8x1Y2eJlgt2q3qo49Q==
  dependencies:
    sax ">=0.6.0"
    xmlbuilder "~9.0.1"

xmlbuilder@~9.0.1:
  version "9.0.7"
  resolved "https://registry.yarnpkg.com/xmlbuilder/-/xmlbuilder-9.0.7.tgz#132ee63d2ec5565c557e20f4c22df9aca686b10d"
  integrity sha1-Ey7mPS7FVlxVfiD0wi35rKaGsQ0=

zen-observable@^0.8.6:
  version "0.8.13"
  resolved "https://registry.yarnpkg.com/zen-observable/-/zen-observable-0.8.13.tgz#a9f1b9dbdfd2d60a08761ceac6a861427d44ae2e"
  integrity sha512-fa+6aDUVvavYsefZw0zaZ/v3ckEtMgCFi30sn91SEZea4y/6jQp05E3omjkX91zV6RVdn15fqnFZ6RKjRGbp2g==
