# THIS IS AN AUTOGENERATED FILE. DO NOT EDIT THIS FILE DIRECTLY.
# yarn lockfile v1


"@bagubagu/utils@^1.8.0":
  version "1.8.0"
  resolved "https://registry.yarnpkg.com/@bagubagu/utils/-/utils-1.8.0.tgz#d70705d786917ed0395ea58bc77d6bf9c4a9305a"
  integrity sha512-nCSS19z3hqHtMTikzgox1Te0Rzph9EITSqI9W85TMOo34a3YOQuxi7Vg3xhWMUIvS+G1snyMRS7za/4yHaCiIg==

moment@^2.24.0:
  version "2.24.0"
  resolved "https://registry.yarnpkg.com/moment/-/moment-2.24.0.tgz#0d055d53f5052aa653c9f6eb68bb5d12bf5c2b5b"
  integrity sha512-bV7f+6l2QigeBBZSM/6yTNq4P2fNpSWj/0e7jQcy87A8e7o2nAfP/34/2ky5Vw4B9S446EtIhodAzkFCcR4dQg==
