# THIS IS AN AUTOGENERATED FILE. DO NOT EDIT THIS FILE DIRECTLY.
# yarn lockfile v1


"@aws-amplify/analytics@^2.2.2":
  version "2.2.2"
  resolved "https://registry.yarnpkg.com/@aws-amplify/analytics/-/analytics-2.2.2.tgz#4da850a5120cda5c3165848f86d21775a18bb955"
  integrity sha512-7jxd8MQ6tx/lNIsHO57NUI3MF5qUAFWUZKlryRjaTwJyqZmtC1/kwxkr5Zfk7zoo779M3lhrNbM/DNSWGgimUA==
  dependencies:
    "@aws-amplify/cache" "^2.1.3"
    "@aws-amplify/core" "^2.2.2"
    uuid "^3.2.1"

"@aws-amplify/api@^2.1.3":
  version "2.1.3"
  resolved "https://registry.yarnpkg.com/@aws-amplify/api/-/api-2.1.3.tgz#c8752c3231d981e8736eacc43fc703a7b2638865"
  integrity sha512-ss0reV7RjeBHrKKtlR5xkGH3OnBO86KILhU9NvEUucaDw07iybo216Cz7GLzOd53q9iK36dH3zr5g/9AS3DmYA==
  dependencies:
    "@aws-amplify/auth" "^2.1.3"
    "@aws-amplify/cache" "^2.1.3"
    "@aws-amplify/core" "^2.2.2"
    axios "^0.19.0"
    graphql "14.0.0"
    uuid "^3.2.1"
    zen-observable "^0.8.6"

"@aws-amplify/auth@^2.1.3":
  version "2.1.3"
  resolved "https://registry.yarnpkg.com/@aws-amplify/auth/-/auth-2.1.3.tgz#fa5d509740b933b6da51829b95be83ab7dce6091"
  integrity sha512-YNAHe4uytuijRp1mLpUdXIy+qj/eKAMdnkYzQgCT4baErXHhUUcb0OvpUvIR64gxA9NXg/b/kCguJnCZWZDsHg==
  dependencies:
    "@aws-amplify/cache" "^2.1.3"
    "@aws-amplify/core" "^2.2.2"
    amazon-cognito-identity-js "^3.2.2"
    crypto-js "^3.1.9-1"

"@aws-amplify/cache@^2.1.3":
  version "2.1.3"
  resolved "https://registry.yarnpkg.com/@aws-amplify/cache/-/cache-2.1.3.tgz#371486d2b0c4d3b29f350145a5a32878dedaf42f"
  integrity sha512-L8z6cGwqF4X54E2d+GJApLN3PmriYZC7Y9OzPjaDkm8+Ul9JPwpXECntij277ZGv3St1z+cffIetI8e1hJbSEQ==
  dependencies:
    "@aws-amplify/core" "^2.2.2"

"@aws-amplify/core@^2.2.2":
  version "2.2.2"
  resolved "https://registry.yarnpkg.com/@aws-amplify/core/-/core-2.2.2.tgz#3f11501467936ff7e0f319af32ce165a4dd4f989"
  integrity sha512-3mn82h4/IKEkoXTmVm3zYrJYDHkLCCuc/PccLKVukkO6WuF6G40Rq7/JSraFSinE53Ba2BuIA5mWiDzSWF7mOg==
  dependencies:
    aws-sdk "2.518.0"
    url "^0.11.0"
    zen-observable "^0.8.6"

"@aws-amplify/interactions@^2.1.3":
  version "2.1.3"
  resolved "https://registry.yarnpkg.com/@aws-amplify/interactions/-/interactions-2.1.3.tgz#c3d9bc3957e87a6797ad341263acce61054bbf39"
  integrity sha512-HqErzi1KcehU/EgOc0+Jb6+nFQUZbbc161mNC+ckQ/CYtUUuOMTWlNxe1DXKHltoAq6OwQPHzZNOzAsba94V+Q==
  dependencies:
    "@aws-amplify/core" "^2.2.2"

"@aws-amplify/predictions@^2.1.3":
  version "2.1.3"
  resolved "https://registry.yarnpkg.com/@aws-amplify/predictions/-/predictions-2.1.3.tgz#9d46f4eb1fc62b2fec721b455bbcbbd372ead2e1"
  integrity sha512-LCm7OZlWWgJRfCqxWQ5K+7NJsvWR80AaTPgjiRHiX/PuBbPSeQUHmEhPnvj/csgjWMdqjKfAwJcH9hIO+7/Tng==
  dependencies:
    "@aws-amplify/core" "^2.2.2"
    "@aws-amplify/storage" "^2.1.3"
    "@aws-sdk/eventstream-marshaller" "0.1.0-preview.2"
    "@aws-sdk/util-utf8-node" "0.1.0-preview.1"
    uuid "^3.2.1"

"@aws-amplify/pubsub@^2.1.3":
  version "2.1.3"
  resolved "https://registry.yarnpkg.com/@aws-amplify/pubsub/-/pubsub-2.1.3.tgz#6a8163b9395c50d0b0745507bca58072b48486df"
  integrity sha512-X5gI8r1VMI0uTCSXVz85UW8srksmiM2pzCxW6wTjGa0jNOkli74vd0s1srfJzfnTkIjtPUjNuTzrE52YQgW72g==
  dependencies:
    "@aws-amplify/auth" "^2.1.3"
    "@aws-amplify/cache" "^2.1.3"
    "@aws-amplify/core" "^2.2.2"
    graphql "14.0.0"
    paho-mqtt "^1.1.0"
    uuid "^3.2.1"
    zen-observable "^0.8.6"

"@aws-amplify/storage@^2.1.3":
  version "2.1.3"
  resolved "https://registry.yarnpkg.com/@aws-amplify/storage/-/storage-2.1.3.tgz#26c99165a806b64751148fbca74f1f24404269aa"
  integrity sha512-RdRMhXtWHkX6A8FCk2RFQRiOV/UQqEl85eOAHF72J127AHbKZNS2Pj9VwNiE0QcwBny4PviqIgOb3pN3OnYgyA==
  dependencies:
    "@aws-amplify/core" "^2.2.2"

"@aws-amplify/ui@^1.1.3":
  version "1.1.3"
  resolved "https://registry.yarnpkg.com/@aws-amplify/ui/-/ui-1.1.3.tgz#299770cf8340698ca96059a94213784d2319125f"
  integrity sha512-XSGsCTJKgrwRTYUjnGIkVhy+pEZ8DiNCxelJyj0mkst7PStqZG+TkaixA/OSFHscRRxTsO2CXFgVGFcgKWLAVA==

"@aws-amplify/xr@^1.1.3":
  version "1.1.3"
  resolved "https://registry.yarnpkg.com/@aws-amplify/xr/-/xr-1.1.3.tgz#2b0a99ab1b788546b0b2947c47d31395468c1d0b"
  integrity sha512-0jeNODSXSKlOIaMJm5FwHwZQTYxR4H6iNiMYORurLPyJEBr0D7LMOtCoEzb91F0GXT1KusxbXSYVLNWP+HhJSw==
  dependencies:
    "@aws-amplify/core" "^2.2.2"

"@aws-crypto/crc32@^0.1.0-preview.1":
  version "0.1.0-preview.3"
  resolved "https://registry.yarnpkg.com/@aws-crypto/crc32/-/crc32-0.1.0-preview.3.tgz#e6fc0487239a595961d99b212a64371bf611c1a9"
  integrity sha512-zFTrBn6zsfzSLRYld7AcyvQBd1+Fl+8io7AHFgCMlcYxVaeMXsVrP+QKzJZADsi/XYB0XavI9Dh9GucSjsiW4Q==
  dependencies:
    tslib "^1.9.3"

"@aws-sdk/eventstream-marshaller@0.1.0-preview.2":
  version "0.1.0-preview.2"
  resolved "https://registry.yarnpkg.com/@aws-sdk/eventstream-marshaller/-/eventstream-marshaller-0.1.0-preview.2.tgz#494d0fa41c7a313a83209239006eb5f083af6fe9"
  integrity sha512-StNivqLMGk+6Blp7eBYgLvidD9HEhthzNz7dBBAQPELx3Nd3imodzSvckDw5ZkuWt6ViP+aAl8HgQvJmD71M5Q==
  dependencies:
    "@aws-crypto/crc32" "^0.1.0-preview.1"
    "@aws-sdk/types" "^0.1.0-preview.1"
    "@aws-sdk/util-hex-encoding" "^0.1.0-preview.1"
    tslib "^1.8.0"

"@aws-sdk/is-array-buffer@^0.1.0-preview.1":
  version "0.1.0-preview.1"
  resolved "https://registry.yarnpkg.com/@aws-sdk/is-array-buffer/-/is-array-buffer-0.1.0-preview.1.tgz#63cd8488faaf1a537817d0ef57fec3aa3bf030c4"
  integrity sha512-9Qrr9w6sNX19N0eO7JBYjp86OPcOyjDPe580L5ISDKo7XfuzK20IC2TeGTZ77okhRTsm8rF5UgP9scBu59jwoA==
  dependencies:
    tslib "^1.8.0"

"@aws-sdk/types@^0.1.0-preview.1":
  version "0.1.0-preview.1"
  resolved "https://registry.yarnpkg.com/@aws-sdk/types/-/types-0.1.0-preview.1.tgz#6119574f873ec9a8ee2e5c1fbfb3ddcc9059c2f3"
  integrity sha512-CcZpxyN2G0I7+Jyj0om3LafYX7d30JWJAAQ+53Ysjau7jyL/xLMMkLZgniQPV8BMV7uKLXyf4hwu8JSs0Ejb+w==

"@aws-sdk/util-buffer-from@^0.1.0-preview.1":
  version "0.1.0-preview.1"
  resolved "https://registry.yarnpkg.com/@aws-sdk/util-buffer-from/-/util-buffer-from-0.1.0-preview.1.tgz#b40c674044bf0997e0f170f692fbdaf7f5edd78c"
  integrity sha512-i46iuFQA05+92L/epK7befgoxw6DM38LnaHjHNxRoJeIYUllZvpJst74FRCJ5UvVOaMDvHO3woWG+dY8/KVABw==
  dependencies:
    "@aws-sdk/is-array-buffer" "^0.1.0-preview.1"
    tslib "^1.8.0"

"@aws-sdk/util-hex-encoding@^0.1.0-preview.1":
  version "0.1.0-preview.1"
  resolved "https://registry.yarnpkg.com/@aws-sdk/util-hex-encoding/-/util-hex-encoding-0.1.0-preview.1.tgz#198a5c351bb52baf7b80d5f3ce1cdd000e251bf5"
  integrity sha512-97ZMVcJpIXwOQN2RntPimav6G5iod/QHEbqGrmaECXyjXzSrexKHRYjpQAtmJ7geZTMsofoRSdj3qZCymjn7Uw==
  dependencies:
    tslib "^1.8.0"

"@aws-sdk/util-utf8-node@0.1.0-preview.1":
  version "0.1.0-preview.1"
  resolved "https://registry.yarnpkg.com/@aws-sdk/util-utf8-node/-/util-utf8-node-0.1.0-preview.1.tgz#f776a087039df1825b83d9d8680a47f8172721ca"
  integrity sha512-PSUsSJ0nnMPS389f0R3kIVR0BElnEb22Ofj40iO5HCtw9gZ1ot+enFdbOmW4m1e5+ED9U/Hqxqc7QhFWWF4NUQ==
  dependencies:
    "@aws-sdk/util-buffer-from" "^0.1.0-preview.1"
    tslib "^1.8.0"

"@bagubagu/utils@^1.13.0":
  version "1.13.0"
  resolved "https://registry.yarnpkg.com/@bagubagu/utils/-/utils-1.13.0.tgz#e80a0fbd298f88e4ebba78b64d275c14d8309f92"
  integrity sha512-JJg12kbrbTRVbNYLIziJTXRCqgYlcIGymHKUJ1ROWuGs5HsF6WUnHXxqXvjaXmiWRB0cjiypIKcDHLU9ZQoFhg==
  dependencies:
    google-libphonenumber "^3.2.2"
    is-online "^8.2.0"
    isemail "^3.2.0"

"@sindresorhus/is@^0.14.0":
  version "0.14.0"
  resolved "https://registry.yarnpkg.com/@sindresorhus/is/-/is-0.14.0.tgz#9fb3a3cf3132328151f353de4632e01e52102bea"
  integrity sha512-9NET910DNaIPngYnLLPeg+Ogzqsi9uM4mSboU5y6p8S5DzMTVEsJZrawi+BoDNUVBa2DhJqQYUFvMDfgU062LQ==

"@szmarczak/http-timer@^1.1.2":
  version "1.1.2"
  resolved "https://registry.yarnpkg.com/@szmarczak/http-timer/-/http-timer-1.1.2.tgz#b1665e2c461a2cd92f4c1bbf50d5454de0d4b421"
  integrity sha512-XIB2XbzHTN6ieIjfIMV9hlVcfPU26s2vafYWQcZHWXHOxiaRZYEDKEwdl129Zyg50+foYV2jCgtrqSA6qNuNSA==
  dependencies:
    defer-to-connect "^1.0.1"

"@types/aws-lambda@^8.10.19":
  version "8.10.39"
  resolved "https://registry.yarnpkg.com/@types/aws-lambda/-/aws-lambda-8.10.39.tgz#da83cf7a82695a8904e383d705829fecf96b7db2"
  integrity sha512-6qxQ4wS636AapVvDbzltI/Xn69QWxjcvohvxd/+MTWzdE9Vqz1xgERr38jEbBGEkyyG8y819nAhjGsiY6KNh1A==

"@types/body-parser@*":
  version "1.17.1"
  resolved "https://registry.yarnpkg.com/@types/body-parser/-/body-parser-1.17.1.tgz#18fcf61768fb5c30ccc508c21d6fd2e8b3bf7897"
  integrity sha512-RoX2EZjMiFMjZh9lmYrwgoP9RTpAjSHiJxdp4oidAQVO02T7HER3xj9UKue5534ULWeqVEkujhWcyvUce+d68w==
  dependencies:
    "@types/connect" "*"
    "@types/node" "*"

"@types/connect@*":
  version "3.4.33"
  resolved "https://registry.yarnpkg.com/@types/connect/-/connect-3.4.33.tgz#31610c901eca573b8713c3330abc6e6b9f588546"
  integrity sha512-2+FrkXY4zllzTNfJth7jOqEHC+enpLeGslEhpnTAkg21GkRrWV4SsAtqchtT4YS9/nODBU2/ZfsBY2X4J/dX7A==
  dependencies:
    "@types/node" "*"

"@types/continuation-local-storage@*":
  version "3.2.2"
  resolved "https://registry.yarnpkg.com/@types/continuation-local-storage/-/continuation-local-storage-3.2.2.tgz#7cbf177a6206ece87bc4b808784772ad2aa5f6db"
  integrity sha512-aItm+aYPJ4rT1cHmAxO+OdWjSviQ9iB5UKb5f0Uvgln0N4hS2mcDodHtPiqicYBXViUYhqyBjhA5uyOcT+S34Q==
  dependencies:
    "@types/node" "*"

"@types/express-serve-static-core@*":
  version "4.17.1"
  resolved "https://registry.yarnpkg.com/@types/express-serve-static-core/-/express-serve-static-core-4.17.1.tgz#82be64a77211b205641e0209096fd3afb62481d3"
  integrity sha512-9e7jj549ZI+RxY21Cl0t8uBnWyb22HzILupyHZjYEVK//5TT/1bZodU+yUbLnPdoYViBBnNWbxp4zYjGV0zUGw==
  dependencies:
    "@types/node" "*"
    "@types/range-parser" "*"

"@types/express@*":
  version "4.17.2"
  resolved "https://registry.yarnpkg.com/@types/express/-/express-4.17.2.tgz#a0fb7a23d8855bac31bc01d5a58cadd9b2173e6c"
  integrity sha512-5mHFNyavtLoJmnusB8OKJ5bshSzw+qkMIBAobLrIM48HJvunFva9mOa6aBwh64lBFyNwBbs0xiEFuj4eU/NjCA==
  dependencies:
    "@types/body-parser" "*"
    "@types/express-serve-static-core" "*"
    "@types/serve-static" "*"

"@types/http-errors@^1.6.1":
  version "1.6.3"
  resolved "https://registry.yarnpkg.com/@types/http-errors/-/http-errors-1.6.3.tgz#619a55768eab98299e8f76747339f3373f134e69"
  integrity sha512-4KCE/agIcoQ9bIfa4sBxbZdnORzRjIw8JNQPLfqoNv7wQl/8f8mRbW68Q8wBsQFoJkPUHGlQYZ9sqi5WpfGSEQ==

"@types/mime@*":
  version "2.0.1"
  resolved "https://registry.yarnpkg.com/@types/mime/-/mime-2.0.1.tgz#dc488842312a7f075149312905b5e3c0b054c79d"
  integrity sha512-FwI9gX75FgVBJ7ywgnq/P7tw+/o1GUbtP0KzbtusLigAOgIgNISRK0ZPl4qertvXSIE8YbsVJueQ90cDt9YYyw==

"@types/mysql@*":
  version "2.15.8"
  resolved "https://registry.yarnpkg.com/@types/mysql/-/mysql-2.15.8.tgz#305172ee6ec530acd16a713f680dbfb4399960a8"
  integrity sha512-l0TUdg6KDEaLO75/yjdjksobJDRWv8iZlpRfv/WW1lQZCQDKdTDnKCkeH10oapzP/JTuKiTy6Cvq/sm/0GgcUw==
  dependencies:
    "@types/node" "*"

"@types/node@*":
  version "13.1.6"
  resolved "https://registry.yarnpkg.com/@types/node/-/node-13.1.6.tgz#076028d0b0400be8105b89a0a55550c86684ffec"
  integrity sha512-Jg1F+bmxcpENHP23sVKkNuU3uaxPnsBMW0cLjleiikFKomJQbsn0Cqk2yDvQArqzZN6ABfBkZ0To7pQ8sLdWDg==

"@types/pg-types@*":
  version "1.11.5"
  resolved "https://registry.yarnpkg.com/@types/pg-types/-/pg-types-1.11.5.tgz#1eebbe62b6772fcc75c18957a90f933d155e005b"
  integrity sha512-L8ogeT6vDzT1vxlW3KITTCt+BVXXVkLXfZ/XNm6UqbcJgxf+KPO7yjWx7dQQE8RW07KopL10x2gNMs41+IkMGQ==

"@types/pg@*":
  version "7.14.1"
  resolved "https://registry.yarnpkg.com/@types/pg/-/pg-7.14.1.tgz#40358b57c34970f750f6a26e2a5463c9f4758136"
  integrity sha512-gQgg4bLuykokypx4O1fwEzl5e6UjjyaBtN3znn5zhm0YB9BnKyHDw+e4cQY9rAPzpdM2qpJbn9TNzUazbmTsdw==
  dependencies:
    "@types/node" "*"
    "@types/pg-types" "*"

"@types/range-parser@*":
  version "1.2.3"
  resolved "https://registry.yarnpkg.com/@types/range-parser/-/range-parser-1.2.3.tgz#7ee330ba7caafb98090bece86a5ee44115904c2c"
  integrity sha512-ewFXqrQHlFsgc09MK5jP5iR7vumV/BYayNC6PgJO2LPe8vrnNFyjQjSppfEngITi0qvfKtzFvgKymGheFM9UOA==

"@types/serve-static@*":
  version "1.13.3"
  resolved "https://registry.yarnpkg.com/@types/serve-static/-/serve-static-1.13.3.tgz#eb7e1c41c4468272557e897e9171ded5e2ded9d1"
  integrity sha512-oprSwp094zOglVrXdlo/4bAHtKTAxX6VT8FOZlBKrmyLbNvE1zxZyJ6yikMVtHIvwP45+ZQGJn+FdXGKTozq0g==
  dependencies:
    "@types/express-serve-static-core" "*"
    "@types/mime" "*"

aggregate-error@^3.0.0:
  version "3.0.1"
  resolved "https://registry.yarnpkg.com/aggregate-error/-/aggregate-error-3.0.1.tgz#db2fe7246e536f40d9b5442a39e117d7dd6a24e0"
  integrity sha512-quoaXsZ9/BLNae5yiNoUz+Nhkwz83GhWwtYFglcjEQB2NDHCIpApbqXxIFnm4Pq/Nvhrsq5sYJFyohrrxnTGAA==
  dependencies:
    clean-stack "^2.0.0"
    indent-string "^4.0.0"

ajv-i18n@^3.4.0:
  version "3.5.0"
  resolved "https://registry.yarnpkg.com/ajv-i18n/-/ajv-i18n-3.5.0.tgz#63235ebc8779ac50cfa320aa123d93a0d6911b00"
  integrity sha512-IR8uhRH0La4DweKHqBOVeoNo2prJ3bowWzGtNS3uDvYv5wKLgH/WQsoh6gHPVxTWXCGr+R+6I5vXDSXGAYnNPA==

ajv-keywords@^3.4.0:
  version "3.4.1"
  resolved "https://registry.yarnpkg.com/ajv-keywords/-/ajv-keywords-3.4.1.tgz#ef916e271c64ac12171fd8384eaae6b2345854da"
  integrity sha512-RO1ibKvd27e6FEShVFfPALuHI3WjSVNeK5FIsmme/LYRNxjKuNj+Dt7bucLa6NdSv3JcVTyMlm9kGR84z1XpaQ==

ajv@^6.9.1:
  version "6.10.2"
  resolved "https://registry.yarnpkg.com/ajv/-/ajv-6.10.2.tgz#d3cea04d6b017b2894ad69040fec8b623eb4bd52"
  integrity sha512-TXtUUEYHuaTEbLZWIKUr5pmBuhDLy+8KYtPYdcV8qC+pOZL+NKqYwvWSRrVXHn+ZmRRAu8vJTAznH7Oag6RVRw==
  dependencies:
    fast-deep-equal "^2.0.1"
    fast-json-stable-stringify "^2.0.0"
    json-schema-traverse "^0.4.1"
    uri-js "^4.2.2"

amazon-cognito-identity-js@^3.2.2:
  version "3.2.2"
  resolved "https://registry.yarnpkg.com/amazon-cognito-identity-js/-/amazon-cognito-identity-js-3.2.2.tgz#bcd24969b0141e6e4568365f3fe0d7c476615fae"
  integrity sha512-etf4xIqDfQkCIedBT5nFaObGABs+MHTECmovmJB1WaS8FOSTRQNsxDoFSK+jvyXPZUbsM7u5GJzhzPPXCvAbZw==
  dependencies:
    buffer "4.9.1"
    crypto-js "^3.1.9-1"
    js-cookie "^2.1.4"

async-hook-jl@^1.7.6:
  version "1.7.6"
  resolved "https://registry.yarnpkg.com/async-hook-jl/-/async-hook-jl-1.7.6.tgz#4fd25c2f864dbaf279c610d73bf97b1b28595e68"
  integrity sha512-gFaHkFfSxTjvoxDMYqDuGHlcRyUuamF8s+ZTtJdDzqjws4mCt7v0vuV79/E2Wr2/riMQgtG4/yUtXWs1gZ7JMg==
  dependencies:
    stack-chain "^1.3.7"

atomic-batcher@^1.0.2:
  version "1.0.2"
  resolved "https://registry.yarnpkg.com/atomic-batcher/-/atomic-batcher-1.0.2.tgz#d16901d10ccec59516c197b9ccd8930689b813b4"
  integrity sha1-0WkB0QzOxZUWwZe5zNiTBom4E7Q=

aws-amplify@^2.2.2:
  version "2.2.2"
  resolved "https://registry.yarnpkg.com/aws-amplify/-/aws-amplify-2.2.2.tgz#b70cae380633a5205b3620055fd171e62e1be8ba"
  integrity sha512-kwFK5TJ/eBJvWgXFGyvnIHK6mr48ewl9vPHsNkY+1mgBNiYJA/T1eOJvjUHocsumnw8sKulxhJl7nFVOsfAeDg==
  dependencies:
    "@aws-amplify/analytics" "^2.2.2"
    "@aws-amplify/api" "^2.1.3"
    "@aws-amplify/auth" "^2.1.3"
    "@aws-amplify/cache" "^2.1.3"
    "@aws-amplify/core" "^2.2.2"
    "@aws-amplify/interactions" "^2.1.3"
    "@aws-amplify/predictions" "^2.1.3"
    "@aws-amplify/pubsub" "^2.1.3"
    "@aws-amplify/storage" "^2.1.3"
    "@aws-amplify/ui" "^1.1.3"
    "@aws-amplify/xr" "^1.1.3"

aws-sdk@2.518.0:
  version "2.518.0"
  resolved "https://registry.yarnpkg.com/aws-sdk/-/aws-sdk-2.518.0.tgz#a0412cfcb41fd02e18d9e8b20c1dce356160fcc2"
  integrity sha512-hwtKKf93TFyd3qugDW54ElpkUXhPe+ArPIHadre6IAFjCJiv08L8DaZKLRyclDnKfTavKe+f/PhdSEYo1QUHiA==
  dependencies:
    buffer "4.9.1"
    events "1.1.1"
    ieee754 "1.1.8"
    jmespath "0.15.0"
    querystring "0.2.0"
    sax "1.2.1"
    url "0.10.3"
    uuid "3.3.2"
    xml2js "0.4.19"

aws-sdk@^2.304.0, aws-sdk@^2.602.0:
  version "2.602.0"
  resolved "https://registry.yarnpkg.com/aws-sdk/-/aws-sdk-2.602.0.tgz#5dd73e399090464ff213643055fe1dfa56d115b9"
  integrity sha512-qJVUfYDTe+/htIk8nYHz+1WjfPjg4612o59s8QM3tzdQ711/J7XU+uot6e1g123BZmoz9OG5i3jTG3Q/6Uthfg==
  dependencies:
    buffer "4.9.1"
    events "1.1.1"
    ieee754 "1.1.13"
    jmespath "0.15.0"
    querystring "0.2.0"
    sax "1.2.1"
    url "0.10.3"
    uuid "3.3.2"
    xml2js "0.4.19"

aws-xray-sdk-core@^3.0.0-alpha.1:
  version "3.0.0-alpha.1"
  resolved "https://registry.yarnpkg.com/aws-xray-sdk-core/-/aws-xray-sdk-core-3.0.0-alpha.1.tgz#713b42b034d133c2d0614d4f906167475698608d"
  integrity sha512-zJjgPLp2cCoHSY9bKZIjGz0mQ/IhWyWa7laKTVJTR5rVs5JVwm1v/HPLS7ymjPQzc5/9uBpWhgP252EhX/ub8g==
  dependencies:
    "@types/continuation-local-storage" "*"
    atomic-batcher "^1.0.2"
    aws-sdk "^2.304.0"
    cls-hooked "^4.2.2"
    pkginfo "^0.4.0"
    semver "^5.3.0"

aws-xray-sdk-express@^3.0.0-alpha.1:
  version "3.0.0-alpha.1"
  resolved "https://registry.yarnpkg.com/aws-xray-sdk-express/-/aws-xray-sdk-express-3.0.0-alpha.1.tgz#a59abbba66c16335bd6ba41df0da88b715df67d8"
  integrity sha512-8F8j8zja27867RwhCz3o+Q8RVzdNCL90xzWZgK6ynyhwe6nHfNguE9mpnYup1r6rt8bRCfTeHB3ZVBzYkfcjnw==
  dependencies:
    "@types/express" "*"

aws-xray-sdk-mysql@^3.0.0-alpha.1:
  version "3.0.0-alpha.1"
  resolved "https://registry.yarnpkg.com/aws-xray-sdk-mysql/-/aws-xray-sdk-mysql-3.0.0-alpha.1.tgz#41193e9faffda2c7fc705b924050be5d1196f17b"
  integrity sha512-F8jHCwAXnOqrEzQqcJHmtCVXK45mu1JHfvVQ8h32fZ+sB7E1/qFgvm0Up69lkoa1m951FjQuMK53QM7uTHh9zg==
  dependencies:
    "@types/mysql" "*"

aws-xray-sdk-postgres@^3.0.0-alpha.1:
  version "3.0.0-alpha.1"
  resolved "https://registry.yarnpkg.com/aws-xray-sdk-postgres/-/aws-xray-sdk-postgres-3.0.0-alpha.1.tgz#2ac8ae887ffcae442dd606fdf5969efda8c56c0e"
  integrity sha512-TkK7LB1OI9rqUv8MkPgpJLKHL7D9aoeRpIm3ssViZ0V13aL3c9Pq1EP9lfN/zxC022/+1EYsvuxH1L9yTvtJ6Q==
  dependencies:
    "@types/pg" "*"

aws-xray-sdk@^3.0.0-alpha.1:
  version "3.0.0-alpha.1"
  resolved "https://registry.yarnpkg.com/aws-xray-sdk/-/aws-xray-sdk-3.0.0-alpha.1.tgz#ba1a43b6bddc1ec1e58668cd3da2996385238222"
  integrity sha512-wOrf36VLXapyLxjGqhqZpVHsVZww3VRoKUtBVZYFsBgQc38VpiAfPkUV7BOxEB3i6r2WW8j88EozYMziwOs3JQ==
  dependencies:
    aws-xray-sdk-core "^3.0.0-alpha.1"
    aws-xray-sdk-express "^3.0.0-alpha.1"
    aws-xray-sdk-mysql "^3.0.0-alpha.1"
    aws-xray-sdk-postgres "^3.0.0-alpha.1"
    pkginfo "^0.4.0"

axios@^0.19.0:
  version "0.19.1"
  resolved "https://registry.yarnpkg.com/axios/-/axios-0.19.1.tgz#8a6a04eed23dfe72747e1dd43c604b8f1677b5aa"
  integrity sha512-Yl+7nfreYKaLRvAvjNPkvfjnQHJM1yLBY3zhqAwcJSwR/6ETkanUgylgtIvkvz0xJ+p/vZuNw8X7Hnb7Whsbpw==
  dependencies:
    follow-redirects "1.5.10"

base64-js@^1.0.2:
  version "1.3.1"
  resolved "https://registry.yarnpkg.com/base64-js/-/base64-js-1.3.1.tgz#58ece8cb75dd07e71ed08c736abc5fac4dbf8df1"
  integrity sha512-mLQ4i2QO1ytvGWFWmcngKO//JXAQueZvwEKtjgQFM4jIK0kU+ytMfplL8j+n5mspOfjHwoAg+9yhb7BwAHm36g==

buffer@4.9.1:
  version "4.9.1"
  resolved "https://registry.yarnpkg.com/buffer/-/buffer-4.9.1.tgz#6d1bb601b07a4efced97094132093027c95bc298"
  integrity sha1-bRu2AbB6TvztlwlBMgkwJ8lbwpg=
  dependencies:
    base64-js "^1.0.2"
    ieee754 "^1.1.4"
    isarray "^1.0.0"

busboy@^0.3.1:
  version "0.3.1"
  resolved "https://registry.yarnpkg.com/busboy/-/busboy-0.3.1.tgz#170899274c5bf38aae27d5c62b71268cd585fd1b"
  integrity sha512-y7tTxhGKXcyBxRKAni+awqx8uqaJKrSFSNFSeRG5CsWNdmy2BIK+6VGWEW7TZnIO/533mtMEA4rOevQV815YJw==
  dependencies:
    dicer "0.3.0"

cacheable-request@^6.0.0:
  version "6.1.0"
  resolved "https://registry.yarnpkg.com/cacheable-request/-/cacheable-request-6.1.0.tgz#20ffb8bd162ba4be11e9567d823db651052ca912"
  integrity sha512-Oj3cAGPCqOZX7Rz64Uny2GYAZNliQSqfbePrgAQ1wKAihYmCUnraBtJtKcGR4xz7wF+LoJC+ssFZvv5BgF9Igg==
  dependencies:
    clone-response "^1.0.2"
    get-stream "^5.1.0"
    http-cache-semantics "^4.0.0"
    keyv "^3.0.0"
    lowercase-keys "^2.0.0"
    normalize-url "^4.1.0"
    responselike "^1.0.2"

call-bind@^1.0.0:
  version "1.0.2"
  resolved "https://registry.yarnpkg.com/call-bind/-/call-bind-1.0.2.tgz#b1d4e89e688119c3c9a903ad30abb2f6a919be3c"
  integrity sha512-7O+FbCihrB5WGbFYesctwmTKae6rOiIzmz1icreWJ+0aA7LJfuqhEso2T9ncpcFtzMQtzXf2QGGueWJGTYsqrA==
  dependencies:
    function-bind "^1.1.1"
    get-intrinsic "^1.0.2"

clean-stack@^2.0.0:
  version "2.2.0"
  resolved "https://registry.yarnpkg.com/clean-stack/-/clean-stack-2.2.0.tgz#ee8472dbb129e727b31e8a10a427dee9dfe4008b"
  integrity sha512-4diC9HaTE+KRAMWhDhrGOECgWZxoevMc5TlkObMqNSsVU62PYzXZ/SMTjzyGAFF1YusgxGcSWTEXBhp0CPwQ1A==

clone-response@^1.0.2:
  version "1.0.2"
  resolved "https://registry.yarnpkg.com/clone-response/-/clone-response-1.0.2.tgz#d1dc973920314df67fbeb94223b4ee350239e96b"
  integrity sha1-0dyXOSAxTfZ/vrlCI7TuNQI56Ws=
  dependencies:
    mimic-response "^1.0.0"

cls-hooked@^4.2.2:
  version "4.2.2"
  resolved "https://registry.yarnpkg.com/cls-hooked/-/cls-hooked-4.2.2.tgz#ad2e9a4092680cdaffeb2d3551da0e225eae1908"
  integrity sha512-J4Xj5f5wq/4jAvcdgoGsL3G103BtWpZrMo8NEinRltN+xpTZdI+M38pyQqhuFU/P792xkMFvnKSf+Lm81U1bxw==
  dependencies:
    async-hook-jl "^1.7.6"
    emitter-listener "^1.0.1"
    semver "^5.4.1"

content-type@^1.0.4:
  version "1.0.4"
  resolved "https://registry.yarnpkg.com/content-type/-/content-type-1.0.4.tgz#e138cc75e040c727b1966fe5e5f8c9aee256fe3b"
  integrity sha512-hIP3EEPs8tB9AT1L+NUqtwOAps4mk2Zob89MWXMHjHWg9milF/j4osnnQLXBCBFBk/tvIG/tUc9mOUJiPBhPXA==

crypto-js@^3.1.9-1:
  version "3.1.9-1"
  resolved "https://registry.yarnpkg.com/crypto-js/-/crypto-js-3.1.9-1.tgz#fda19e761fc077e01ffbfdc6e9fdfc59e8806cd8"
  integrity sha1-/aGedh/Ad+Af+/3G6f38WeiAbNg=

date-fns@^2.9.0:
  version "2.9.0"
  resolved "https://registry.yarnpkg.com/date-fns/-/date-fns-2.9.0.tgz#d0b175a5c37ed5f17b97e2272bbc1fa5aec677d2"
  integrity sha512-khbFLu/MlzLjEzy9Gh8oY1hNt/Dvxw3J6Rbc28cVoYWQaC1S3YI4xwkF9ZWcjDLscbZlY9hISMr66RFzZagLsA==

debug@=3.1.0:
  version "3.1.0"
  resolved "https://registry.yarnpkg.com/debug/-/debug-3.1.0.tgz#5bb5a0672628b64149566ba16819e61518c67261"
  integrity sha512-OX8XqP7/1a9cqkxYw2yXss15f26NKWBpDXQd0/uK/KPqdQhxbPa994hnzjcE2VqQpDslf55723cKPUOGSmMY3g==
  dependencies:
    ms "2.0.0"

decompress-response@^3.3.0:
  version "3.3.0"
  resolved "https://registry.yarnpkg.com/decompress-response/-/decompress-response-3.3.0.tgz#80a4dd323748384bfa248083622aedec982adff3"
  integrity sha1-gKTdMjdIOEv6JICDYirt7Jgq3/M=
  dependencies:
    mimic-response "^1.0.0"

defer-to-connect@^1.0.1:
  version "1.1.1"
  resolved "https://registry.yarnpkg.com/defer-to-connect/-/defer-to-connect-1.1.1.tgz#88ae694b93f67b81815a2c8c769aef6574ac8f2f"
  integrity sha512-J7thop4u3mRTkYRQ+Vpfwy2G5Ehoy82I14+14W4YMDLKdWloI9gSzRbV30s/NckQGVJtPkWNcW4oMAUigTdqiQ==

depd@~1.1.2:
  version "1.1.2"
  resolved "https://registry.yarnpkg.com/depd/-/depd-1.1.2.tgz#9bcd52e14c097763e749b274c4346ed2e560b5a9"
  integrity sha1-m81S4UwJd2PnSbJ0xDRu0uVgtak=

dicer@0.3.0:
  version "0.3.0"
  resolved "https://registry.yarnpkg.com/dicer/-/dicer-0.3.0.tgz#eacd98b3bfbf92e8ab5c2fdb71aaac44bb06b872"
  integrity sha512-MdceRRWqltEG2dZqO769g27N/3PXfcKl04VhYnBlo2YhH7zPi88VebsjTKclaOyiuMaGU72hTfw3VkUitGcVCA==
  dependencies:
    streamsearch "0.1.2"

dns-packet@^5.1.2:
  version "5.2.1"
  resolved "https://registry.yarnpkg.com/dns-packet/-/dns-packet-5.2.1.tgz#26cec0be92252a1b97ed106482921192a7e08f72"
  integrity sha512-JHj2yJeKOqlxzeuYpN1d56GfhzivAxavNwHj9co3qptECel27B1rLY5PifJAvubsInX5pGLDjAHuCfCUc2Zv/w==
  dependencies:
    ip "^1.1.5"

dns-socket@^4.2.0:
  version "4.2.0"
  resolved "https://registry.yarnpkg.com/dns-socket/-/dns-socket-4.2.0.tgz#92575505c4c18ac3ad241f4bb3ff4369761557e9"
  integrity sha512-4XuD3z28jht3jvHbiom6fAipgG5LkjYeDLrX5OH8cbl0AtzTyUUAxGckcW8T7z0pLfBBV5qOiuC4wUEohk6FrQ==
  dependencies:
    dns-packet "^5.1.2"

duplexer3@^0.1.4:
  version "0.1.4"
  resolved "https://registry.yarnpkg.com/duplexer3/-/duplexer3-0.1.4.tgz#ee01dd1cac0ed3cbc7fdbea37dc0a8f1ce002ce2"
  integrity sha1-7gHdHKwO08vH/b6jfcCo8c4ALOI=

emitter-listener@^1.0.1:
  version "1.1.2"
  resolved "https://registry.yarnpkg.com/emitter-listener/-/emitter-listener-1.1.2.tgz#56b140e8f6992375b3d7cb2cab1cc7432d9632e8"
  integrity sha512-Bt1sBAGFHY9DKY+4/2cV6izcKJUf5T7/gkdmkxzX/qv9CcGH8xSwVRW5mtX03SWJtRTWSOpzCuWN9rBFYZepZQ==
  dependencies:
    shimmer "^1.2.0"

end-of-stream@^1.1.0:
  version "1.4.4"
  resolved "https://registry.yarnpkg.com/end-of-stream/-/end-of-stream-1.4.4.tgz#5ae64a5f45057baf3626ec14da0ca5e4b2431eb0"
  integrity sha512-+uw1inIHVPQoaVuHzRyXd21icM+cnt4CzD5rW+NC1wjOUSTOs+Te7FOv7AhN7vS9x/oIyhLP5PR1H+phQAHu5Q==
  dependencies:
    once "^1.4.0"

events@1.1.1:
  version "1.1.1"
  resolved "https://registry.yarnpkg.com/events/-/events-1.1.1.tgz#9ebdb7635ad099c70dcc4c2a1f5004288e8bd924"
  integrity sha1-nr23Y1rQmccNzEwqH1AEKI6L2SQ=

fast-deep-equal@^2.0.1:
  version "2.0.1"
  resolved "https://registry.yarnpkg.com/fast-deep-equal/-/fast-deep-equal-2.0.1.tgz#7b05218ddf9667bf7f370bf7fdb2cb15fdd0aa49"
  integrity sha1-ewUhjd+WZ79/Nwv3/bLLFf3Qqkk=

fast-json-stable-stringify@^2.0.0:
  version "2.1.0"
  resolved "https://registry.yarnpkg.com/fast-json-stable-stringify/-/fast-json-stable-stringify-2.1.0.tgz#874bf69c6f404c2b5d99c481341399fd55892633"
  integrity sha512-lhd/wF+Lk98HZoTCtlVraHtfh5XYijIjalXck7saUtuanSDyLMxnHhSXEDJqHxD7msR8D0uCmqlkwjCV8xvwHw==

follow-redirects@1.5.10:
  version "1.5.10"
  resolved "https://registry.yarnpkg.com/follow-redirects/-/follow-redirects-1.5.10.tgz#7b7a9f9aea2fdff36786a94ff643ed07f4ff5e2a"
  integrity sha512-0V5l4Cizzvqt5D44aTXbFZz+FtyXV1vrDN6qrelxtfYQKW0KO0W2T/hkE8xvGa/540LkZlkaUjO4ailYTFtHVQ==
  dependencies:
    debug "=3.1.0"

function-bind@^1.1.1:
  version "1.1.1"
  resolved "https://registry.yarnpkg.com/function-bind/-/function-bind-1.1.1.tgz#a56899d3ea3c9bab874bb9773b7c5ede92f4895d"
  integrity sha512-yIovAzMX49sF8Yl58fSCWJ5svSLuaibPxXQJFLmBObTuCr0Mf1KiPopGM9NiFjiYBCbfaa2Fh6breQ6ANVTI0A==

get-intrinsic@^1.0.2:
  version "1.1.3"
  resolved "https://registry.yarnpkg.com/get-intrinsic/-/get-intrinsic-1.1.3.tgz#063c84329ad93e83893c7f4f243ef63ffa351385"
  integrity sha512-QJVz1Tj7MS099PevUG5jvnt9tSkXN8K14dxQlikJuPt4uD9hHAHjLyLBiLR5zELelBdD9QNRAXZzsJx0WaDL9A==
  dependencies:
    function-bind "^1.1.1"
    has "^1.0.3"
    has-symbols "^1.0.3"

get-stream@^4.1.0:
  version "4.1.0"
  resolved "https://registry.yarnpkg.com/get-stream/-/get-stream-4.1.0.tgz#c1b255575f3dc21d59bfc79cd3d2b46b1c3a54b5"
  integrity sha512-GMat4EJ5161kIy2HevLlr4luNjBgvmj413KaQA7jt4V8B4RDsfpHk7WQ9GVqfYyyx8OS/L66Kox+rJRNklLK7w==
  dependencies:
    pump "^3.0.0"

get-stream@^5.1.0:
  version "5.1.0"
  resolved "https://registry.yarnpkg.com/get-stream/-/get-stream-5.1.0.tgz#01203cdc92597f9b909067c3e656cc1f4d3c4dc9"
  integrity sha512-EXr1FOzrzTfGeL0gQdeFEvOMm2mzMOglyiOXSTpPC+iAjAKftbr3jpCMWynogwYnM+eSj9sHGc6wjIcDvYiygw==
  dependencies:
    pump "^3.0.0"

google-libphonenumber@^3.2.2:
  version "3.2.6"
  resolved "https://registry.yarnpkg.com/google-libphonenumber/-/google-libphonenumber-3.2.6.tgz#3d725b48ff44706b80246e77f95f2c2fdc6fd729"
  integrity sha512-6QCQAaKJlSd/1dUqvdQf7zzfb3uiZHsG8yhCfOdCVRfMuPZ/VDIEB47y5SYwjPQJPs7ebfW5jj6PeobB9JJ4JA==

got@^9.6.0:
  version "9.6.0"
  resolved "https://registry.yarnpkg.com/got/-/got-9.6.0.tgz#edf45e7d67f99545705de1f7bbeeeb121765ed85"
  integrity sha512-R7eWptXuGYxwijs0eV+v3o6+XH1IqVK8dJOEecQfTmkncw9AV4dcw/Dhxi8MdlqPthxxpZyizMzyg8RTmEsG+Q==
  dependencies:
    "@sindresorhus/is" "^0.14.0"
    "@szmarczak/http-timer" "^1.1.2"
    cacheable-request "^6.0.0"
    decompress-response "^3.3.0"
    duplexer3 "^0.1.4"
    get-stream "^4.1.0"
    lowercase-keys "^1.0.1"
    mimic-response "^1.0.1"
    p-cancelable "^1.0.0"
    to-readable-stream "^1.0.0"
    url-parse-lax "^3.0.0"

graphql@14.0.0:
  version "14.0.0"
  resolved "https://registry.yarnpkg.com/graphql/-/graphql-14.0.0.tgz#4ee771c5266d08cb75df2d3ac41e8dd51ce3d599"
  integrity sha512-HGVcnO6B25YZcSt6ZsH6/N+XkYuPA7yMqJmlJ4JWxWlS4Tr8SHI56R1Ocs8Eor7V7joEZPRXPDH8RRdll1w44Q==
  dependencies:
    iterall "^1.2.2"

has-symbols@^1.0.3:
  version "1.0.3"
  resolved "https://registry.yarnpkg.com/has-symbols/-/has-symbols-1.0.3.tgz#bb7b2c4349251dce87b125f7bdf874aa7c8b39f8"
  integrity sha512-l3LCuF6MgDNwTDKkdYGEihYjt5pRPbEg46rtlmnSPlUbgmB8LOIrKJbYYFBSbnPaJexMKtiPO8hmeRjRz2Td+A==

has@^1.0.3:
  version "1.0.3"
  resolved "https://registry.yarnpkg.com/has/-/has-1.0.3.tgz#722d7cbfc1f6aa8241f16dd814e011e1f41e8796"
  integrity sha512-f2dvO0VU6Oej7RkWJGrehjbzMAjFp5/VKPp5tTpWIV4JHHZK1/BxbFRtf/siA2SWTe09caDmVtYYzWEIbBS4zw==
  dependencies:
    function-bind "^1.1.1"

http-cache-semantics@^4.0.0:
  version "4.0.3"
  resolved "https://registry.yarnpkg.com/http-cache-semantics/-/http-cache-semantics-4.0.3.tgz#495704773277eeef6e43f9ab2c2c7d259dda25c5"
  integrity sha512-TcIMG3qeVLgDr1TEd2XvHaTnMPwYQUQMIBLy+5pLSDKYFc7UIqj39w8EGzZkaxoLv/l2K8HaI0t5AVA+YYgUew==

http-errors@^1.7.1:
  version "1.7.3"
  resolved "https://registry.yarnpkg.com/http-errors/-/http-errors-1.7.3.tgz#6c619e4f9c60308c38519498c14fbb10aacebb06"
  integrity sha512-ZTTX0MWrsQ2ZAhA1cejAwDLycFsd7I7nVtnkT3Ol0aqodaKW+0CTZDQ1uBv5whptCnc8e8HeRRJxRs0kmm/Qfw==
  dependencies:
    depd "~1.1.2"
    inherits "2.0.4"
    setprototypeof "1.1.1"
    statuses ">= 1.5.0 < 2"
    toidentifier "1.0.0"

ieee754@1.1.13, ieee754@^1.1.4:
  version "1.1.13"
  resolved "https://registry.yarnpkg.com/ieee754/-/ieee754-1.1.13.tgz#ec168558e95aa181fd87d37f55c32bbcb6708b84"
  integrity sha512-4vf7I2LYV/HaWerSo3XmlMkp5eZ83i+/CDluXi/IGTs/O1sejBNhTtnxzmRZfvOUqj7lZjqHkeTvpgSFDlWZTg==

ieee754@1.1.8:
  version "1.1.8"
  resolved "https://registry.yarnpkg.com/ieee754/-/ieee754-1.1.8.tgz#be33d40ac10ef1926701f6f08a2d86fbfd1ad3e4"
  integrity sha1-vjPUCsEO8ZJnAfbwii2G+/0a0+Q=

indent-string@^4.0.0:
  version "4.0.0"
  resolved "https://registry.yarnpkg.com/indent-string/-/indent-string-4.0.0.tgz#624f8f4497d619b2d9768531d58f4122854d7251"
  integrity sha512-EdDDZu4A2OyIK7Lr/2zG+w5jmbuk1DVBnEwREQvBzspBJkCEbRa8GxU1lghYcaGJCnRWibjDXlq779X1/y5xwg==

inherits@2.0.4:
  version "2.0.4"
  resolved "https://registry.yarnpkg.com/inherits/-/inherits-2.0.4.tgz#0fa2c64f932917c3433a0ded55363aae37416b7c"
  integrity sha512-k/vGaX4/Yla3WzyMCvTQOXYeIHvqOKtnqBduzTHpzpQZzAskKMhZ2K+EnBiSM9zGSoIFeMpXKxa4dYeZIQqewQ==

ip-regex@^4.0.0:
  version "4.1.0"
  resolved "https://registry.yarnpkg.com/ip-regex/-/ip-regex-4.1.0.tgz#5ad62f685a14edb421abebc2fff8db94df67b455"
  integrity sha512-pKnZpbgCTfH/1NLIlOduP/V+WRXzC2MOz3Qo8xmxk8C5GudJLgK5QyLVXOSWy3ParAH7Eemurl3xjv/WXYFvMA==

ip@^1.1.5:
  version "1.1.5"
  resolved "https://registry.yarnpkg.com/ip/-/ip-1.1.5.tgz#bdded70114290828c0a039e72ef25f5aaec4354a"
  integrity sha1-vd7XARQpCCjAoDnnLvJfWq7ENUo=

is-ip@^3.1.0:
  version "3.1.0"
  resolved "https://registry.yarnpkg.com/is-ip/-/is-ip-3.1.0.tgz#2ae5ddfafaf05cb8008a62093cf29734f657c5d8"
  integrity sha512-35vd5necO7IitFPjd/YBeqwWnyDWbuLH9ZXQdMfDA8TEo7pv5X8yfrvVO3xbJbLUlERCMvf6X0hTUamQxCYJ9Q==
  dependencies:
    ip-regex "^4.0.0"

is-online@^8.2.0:
  version "8.2.1"
  resolved "https://registry.yarnpkg.com/is-online/-/is-online-8.2.1.tgz#855d0845c2f5be93625192838d82ce9cce29f7e3"
  integrity sha512-853p45I2b//EDV7n1Rbk60f/fy1KQlp1IkTjV/K2EyAD/h8qXrIAxwIbZ8c4K5p5yDsQlTWUrxocgW/aBtNfYQ==
  dependencies:
    got "^9.6.0"
    p-any "^2.0.0"
    p-timeout "^3.0.0"
    public-ip "^3.0.0"

isarray@^1.0.0:
  version "1.0.0"
  resolved "https://registry.yarnpkg.com/isarray/-/isarray-1.0.0.tgz#bb935d48582cba168c06834957a54a3e07124f11"
  integrity sha1-u5NdSFgsuhaMBoNJV6VKPgcSTxE=

isemail@^3.2.0:
  version "3.2.0"
  resolved "https://registry.yarnpkg.com/isemail/-/isemail-3.2.0.tgz#59310a021931a9fb06bbb51e155ce0b3f236832c"
  integrity sha512-zKqkK+O+dGqevc93KNsbZ/TqTUFd46MwWjYOoMrjIMZ51eU7DtQG3Wmd9SQQT7i7RVnuTPEiYEWHU3MSbxC1Tg==
  dependencies:
    punycode "2.x.x"

iterall@^1.2.2:
  version "1.3.0"
  resolved "https://registry.yarnpkg.com/iterall/-/iterall-1.3.0.tgz#afcb08492e2915cbd8a0884eb93a8c94d0d72fea"
  integrity sha512-QZ9qOMdF+QLHxy1QIpUHUU1D5pS2CG2P69LF6L6CPjPYA/XMOmKV3PZpawHoAjHNyB0swdVTRxdYT4tbBbxqwg==

jmespath@0.15.0:
  version "0.15.0"
  resolved "https://registry.yarnpkg.com/jmespath/-/jmespath-0.15.0.tgz#a3f222a9aae9f966f5d27c796510e28091764217"
  integrity sha1-o/Iiqarp+Wb10nx5ZRDigJF2Qhc=

js-cookie@^2.1.4:
  version "2.2.1"
  resolved "https://registry.yarnpkg.com/js-cookie/-/js-cookie-2.2.1.tgz#69e106dc5d5806894562902aa5baec3744e9b2b8"
  integrity sha512-HvdH2LzI/EAZcUwA8+0nKNtWHqS+ZmijLA30RwZA0bo7ToCckjK5MkGhjED9KoRcXO6BaGI3I9UIzSA1FKFPOQ==

json-buffer@3.0.0:
  version "3.0.0"
  resolved "https://registry.yarnpkg.com/json-buffer/-/json-buffer-3.0.0.tgz#5b1f397afc75d677bde8bcfc0e47e1f9a3d9a898"
  integrity sha1-Wx85evx11ne96Lz8Dkfh+aPZqJg=

json-mask@^0.3.8:
  version "0.3.9"
  resolved "https://registry.yarnpkg.com/json-mask/-/json-mask-0.3.9.tgz#c3772baa49ceda56ca360a6dd6b479ca3c0e327f"
  integrity sha512-RRu7bf7vzOohKMrU5pD9+fROMltTegWj2trZlPNr7hXekptFGkOZo4S63Jdx2X1GR7IK6rEVvXkQKY+2TPs0PA==

json-schema-traverse@^0.4.1:
  version "0.4.1"
  resolved "https://registry.yarnpkg.com/json-schema-traverse/-/json-schema-traverse-0.4.1.tgz#69f6a87d9513ab8bb8fe63bdb0979c448e684660"
  integrity sha512-xbbCH5dCYU5T8LcEhhuh7HJ88HXuW3qsI3Y0zOZFKfZEHcpWiHU/Jxzk629Brsab/mMiHQti9wMP+845RPe3Vg==

keyv@^3.0.0:
  version "3.1.0"
  resolved "https://registry.yarnpkg.com/keyv/-/keyv-3.1.0.tgz#ecc228486f69991e49e9476485a5be1e8fc5c4d9"
  integrity sha512-9ykJ/46SN/9KPM/sichzQ7OvXyGDYKGTaDlKMGCAlg2UK8KRy4jb0d8sFc+0Tt0YYnThq8X2RZgCg74RPxgcVA==
  dependencies:
    json-buffer "3.0.0"

lowercase-keys@^1.0.0, lowercase-keys@^1.0.1:
  version "1.0.1"
  resolved "https://registry.yarnpkg.com/lowercase-keys/-/lowercase-keys-1.0.1.tgz#6f9e30b47084d971a7c820ff15a6c5167b74c26f"
  integrity sha512-G2Lj61tXDnVFFOi8VZds+SoQjtQC3dgokKdDG2mTm1tx4m50NUHBOZSBwQQHyy0V12A0JTG4icfZQH+xPyh8VA==

lowercase-keys@^2.0.0:
  version "2.0.0"
  resolved "https://registry.yarnpkg.com/lowercase-keys/-/lowercase-keys-2.0.0.tgz#2603e78b7b4b0006cbca2fbcc8a3202558ac9479"
  integrity sha512-tqNXrS78oMOE73NMxK4EMLQsQowWf8jKooH9g7xPavRT706R6bkQJ6DY2Te7QukaZsulxa30wQ7bk0pm4XiHmA==

middy@^0.33.2:
  version "0.33.2"
  resolved "https://registry.yarnpkg.com/middy/-/middy-0.33.2.tgz#98f9633713be08b7d73770dc3b732d6506d79361"
  integrity sha512-hhB7zGeM/uLHhzQCMCFqj830/1JNqohe11w0unZM5QexofKsxcHlvx5zVofjhmxbfrK0Gh1Md8tIe8qEy6foEA==
  dependencies:
    "@types/aws-lambda" "^8.10.19"
    "@types/http-errors" "^1.6.1"
    ajv "^6.9.1"
    ajv-i18n "^3.4.0"
    ajv-keywords "^3.4.0"
    busboy "^0.3.1"
    content-type "^1.0.4"
    http-errors "^1.7.1"
    json-mask "^0.3.8"
    negotiator "^0.6.1"
    once "^1.4.0"
    qs "^6.6.0"
    querystring "^0.2.0"

mimic-response@^1.0.0, mimic-response@^1.0.1:
  version "1.0.1"
  resolved "https://registry.yarnpkg.com/mimic-response/-/mimic-response-1.0.1.tgz#4923538878eef42063cb8a3e3b0798781487ab1b"
  integrity sha512-j5EctnkH7amfV/q5Hgmoal1g2QHFJRraOtmx0JpIqkxhBhI/lJSl1nMpQ45hVarwNETOoWEimndZ4QK0RHxuxQ==

ms@2.0.0:
  version "2.0.0"
  resolved "https://registry.yarnpkg.com/ms/-/ms-2.0.0.tgz#5608aeadfc00be6c2901df5f9861788de0d597c8"
  integrity sha1-VgiurfwAvmwpAd9fmGF4jeDVl8g=

negotiator@^0.6.1:
  version "0.6.2"
  resolved "https://registry.yarnpkg.com/negotiator/-/negotiator-0.6.2.tgz#feacf7ccf525a77ae9634436a64883ffeca346fb"
  integrity sha512-hZXc7K2e+PgeI1eDBe/10Ard4ekbfrrqG8Ep+8Jmf4JID2bNg7NvCPOZN+kfF574pFQI7mum2AUqDidoKqcTOw==

normalize-url@^4.1.0:
  version "4.5.0"
  resolved "https://registry.yarnpkg.com/normalize-url/-/normalize-url-4.5.0.tgz#453354087e6ca96957bd8f5baf753f5982142129"
  integrity sha512-2s47yzUxdexf1OhyRi4Em83iQk0aPvwTddtFz4hnSSw9dCEsLEGf6SwIO8ss/19S9iBb5sJaOuTvTGDeZI00BQ==

object-inspect@^1.9.0:
  version "1.12.2"
  resolved "https://registry.yarnpkg.com/object-inspect/-/object-inspect-1.12.2.tgz#c0641f26394532f28ab8d796ab954e43c009a8ea"
  integrity sha512-z+cPxW0QGUp0mcqcsgQyLVRDoXFQbXOwBaqyF7VIgI4TWNQsDHrBpUQslRmIfAoYWdYzs6UlKJtB2XJpTaNSpQ==

once@^1.3.1, once@^1.4.0:
  version "1.4.0"
  resolved "https://registry.yarnpkg.com/once/-/once-1.4.0.tgz#583b1aa775961d4b113ac17d9c50baef9dd76bd1"
  integrity sha1-WDsap3WWHUsROsF9nFC6753Xa9E=
  dependencies:
    wrappy "1"

p-any@^2.0.0:
  version "2.1.0"
  resolved "https://registry.yarnpkg.com/p-any/-/p-any-2.1.0.tgz#719489408e14f5f941a748f1e817f5c71cab35cb"
  integrity sha512-JAERcaMBLYKMq+voYw36+x5Dgh47+/o7yuv2oQYuSSUml4YeqJEFznBrY2UeEkoSHqBua6hz518n/PsowTYLLg==
  dependencies:
    p-cancelable "^2.0.0"
    p-some "^4.0.0"
    type-fest "^0.3.0"

p-cancelable@^1.0.0:
  version "1.1.0"
  resolved "https://registry.yarnpkg.com/p-cancelable/-/p-cancelable-1.1.0.tgz#d078d15a3af409220c886f1d9a0ca2e441ab26cc"
  integrity sha512-s73XxOZ4zpt1edZYZzvhqFa6uvQc1vwUa0K0BdtIZgQMAJj9IbebH+JkgKZc9h+B05PKHLOTl4ajG1BmNrVZlw==

p-cancelable@^2.0.0:
  version "2.0.0"
  resolved "https://registry.yarnpkg.com/p-cancelable/-/p-cancelable-2.0.0.tgz#4a3740f5bdaf5ed5d7c3e34882c6fb5d6b266a6e"
  integrity sha512-wvPXDmbMmu2ksjkB4Z3nZWTSkJEb9lqVdMaCKpZUGJG9TMiNp9XcbG3fn9fPKjem04fJMJnXoyFPk2FmgiaiNg==

p-finally@^1.0.0:
  version "1.0.0"
  resolved "https://registry.yarnpkg.com/p-finally/-/p-finally-1.0.0.tgz#3fbcfb15b899a44123b34b6dcc18b724336a2cae"
  integrity sha1-P7z7FbiZpEEjs0ttzBi3JDNqLK4=

p-some@^4.0.0:
  version "4.1.0"
  resolved "https://registry.yarnpkg.com/p-some/-/p-some-4.1.0.tgz#28e73bc1e0d62db54c2ed513acd03acba30d5c04"
  integrity sha512-MF/HIbq6GeBqTrTIl5OJubzkGU+qfFhAFi0gnTAK6rgEIJIknEiABHOTtQu4e6JiXjIwuMPMUFQzyHh5QjCl1g==
  dependencies:
    aggregate-error "^3.0.0"
    p-cancelable "^2.0.0"

p-timeout@^3.0.0:
  version "3.2.0"
  resolved "https://registry.yarnpkg.com/p-timeout/-/p-timeout-3.2.0.tgz#c7e17abc971d2a7962ef83626b35d635acf23dfe"
  integrity sha512-rhIwUycgwwKcP9yTOOFK/AKsAopjjCakVqLHePO3CC6Mir1Z99xT+R63jZxAT5lFZLa2inS5h+ZS2GvR99/FBg==
  dependencies:
    p-finally "^1.0.0"

paho-mqtt@^1.1.0:
  version "1.1.0"
  resolved "https://registry.yarnpkg.com/paho-mqtt/-/paho-mqtt-1.1.0.tgz#8c10e29eb162e966fb15188d965c3dce505de9d9"
  integrity sha512-KPbL9KAB0ASvhSDbOrZBaccXS+/s7/LIofbPyERww8hM5Ko71GUJQ6Nmg0BWqj8phAIT8zdf/Sd/RftHU9i2HA==

pkginfo@^0.4.0:
  version "0.4.1"
  resolved "https://registry.yarnpkg.com/pkginfo/-/pkginfo-0.4.1.tgz#b5418ef0439de5425fc4995042dced14fb2a84ff"
  integrity sha1-tUGO8EOd5UJfxJlQQtztFPsqhP8=

prepend-http@^2.0.0:
  version "2.0.0"
  resolved "https://registry.yarnpkg.com/prepend-http/-/prepend-http-2.0.0.tgz#e92434bfa5ea8c19f41cdfd401d741a3c819d897"
  integrity sha1-6SQ0v6XqjBn0HN/UAddBo8gZ2Jc=

public-ip@^3.0.0:
  version "3.2.0"
  resolved "https://registry.yarnpkg.com/public-ip/-/public-ip-3.2.0.tgz#a246cc6e0ba761285b48598f087d8755a82b12ed"
  integrity sha512-DBq4o955zhrhESG4z6GkLN9mtY9NT/JOjEV8pvnYy3bjVQOQF0J5lJNwWLbEWwNstyNFJlY7JxCPFq4bdXSabw==
  dependencies:
    dns-socket "^4.2.0"
    got "^9.6.0"
    is-ip "^3.1.0"

pump@^3.0.0:
  version "3.0.0"
  resolved "https://registry.yarnpkg.com/pump/-/pump-3.0.0.tgz#b4a2116815bde2f4e1ea602354e8c75565107a64"
  integrity sha512-LwZy+p3SFs1Pytd/jYct4wpv49HiYCqd9Rlc5ZVdk0V+8Yzv6jR5Blk3TRmPL1ft69TxP0IMZGJ+WPFU2BFhww==
  dependencies:
    end-of-stream "^1.1.0"
    once "^1.3.1"

punycode@1.3.2:
  version "1.3.2"
  resolved "https://registry.yarnpkg.com/punycode/-/punycode-1.3.2.tgz#9653a036fb7c1ee42342f2325cceefea3926c48d"
  integrity sha1-llOgNvt8HuQjQvIyXM7v6jkmxI0=

punycode@2.x.x, punycode@^2.1.0:
  version "2.1.1"
  resolved "https://registry.yarnpkg.com/punycode/-/punycode-2.1.1.tgz#b58b010ac40c22c5657616c8d2c2c02c7bf479ec"
  integrity sha512-XRsRjdf+j5ml+y/6GKHPZbrF/8p2Yga0JPtdqTIY2Xe5ohJPD9saDJJLPvp9+NSBprVvevdXZybnj2cv8OEd0A==

qs@^6.6.0:
  version "6.11.0"
  resolved "https://registry.yarnpkg.com/qs/-/qs-6.11.0.tgz#fd0d963446f7a65e1367e01abd85429453f0c37a"
  integrity sha512-MvjoMCJwEarSbUYk5O+nmoSzSutSsTwF85zcHPQ9OrlFoZOYIjaqBAJIqIXjptyD5vThxGq52Xu/MaJzRkIk4Q==
  dependencies:
    side-channel "^1.0.4"

querystring@0.2.0, querystring@^0.2.0:
  version "0.2.0"
  resolved "https://registry.yarnpkg.com/querystring/-/querystring-0.2.0.tgz#b209849203bb25df820da756e747005878521620"
  integrity sha1-sgmEkgO7Jd+CDadW50cAWHhSFiA=

responselike@^1.0.2:
  version "1.0.2"
  resolved "https://registry.yarnpkg.com/responselike/-/responselike-1.0.2.tgz#918720ef3b631c5642be068f15ade5a46f4ba1e7"
  integrity sha1-kYcg7ztjHFZCvgaPFa3lpG9Loec=
  dependencies:
    lowercase-keys "^1.0.0"

sax@1.2.1:
  version "1.2.1"
  resolved "https://registry.yarnpkg.com/sax/-/sax-1.2.1.tgz#7b8e656190b228e81a66aea748480d828cd2d37a"
  integrity sha1-e45lYZCyKOgaZq6nSEgNgozS03o=

sax@>=0.6.0:
  version "1.2.4"
  resolved "https://registry.yarnpkg.com/sax/-/sax-1.2.4.tgz#2816234e2378bddc4e5354fab5caa895df7100d9"
  integrity sha512-NqVDv9TpANUjFm0N8uM5GxL36UgKi9/atZw+x7YFnQ8ckwFGKrl4xX4yWtrey3UJm5nP1kUbnYgLopqWNSRhWw==

semver@^5.3.0, semver@^5.4.1:
  version "5.7.1"
  resolved "https://registry.yarnpkg.com/semver/-/semver-5.7.1.tgz#a954f931aeba508d307bbf069eff0c01c96116f7"
  integrity sha512-sauaDf/PZdVgrLTNYHRtpXa1iRiKcaebiKQ1BJdpQlWH2lCvexQdX55snPFyK7QzpudqbCI0qXFfOasHdyNDGQ==

setprototypeof@1.1.1:
  version "1.1.1"
  resolved "https://registry.yarnpkg.com/setprototypeof/-/setprototypeof-1.1.1.tgz#7e95acb24aa92f5885e0abef5ba131330d4ae683"
  integrity sha512-JvdAWfbXeIGaZ9cILp38HntZSFSo3mWg6xGcJJsd+d4aRMOqauag1C63dJfDw7OaMYwEbHMOxEZ1lqVRYP2OAw==

shimmer@^1.2.0:
  version "1.2.1"
  resolved "https://registry.yarnpkg.com/shimmer/-/shimmer-1.2.1.tgz#610859f7de327b587efebf501fb43117f9aff337"
  integrity sha512-sQTKC1Re/rM6XyFM6fIAGHRPVGvyXfgzIDvzoq608vM+jeyVD0Tu1E6Np0Kc2zAIFWIj963V2800iF/9LPieQw==

side-channel@^1.0.4:
  version "1.0.4"
  resolved "https://registry.yarnpkg.com/side-channel/-/side-channel-1.0.4.tgz#efce5c8fdc104ee751b25c58d4290011fa5ea2cf"
  integrity sha512-q5XPytqFEIKHkGdiMIrY10mvLRvnQh42/+GoBlFW3b2LXLE2xxJpZFdm94we0BaoV3RwJyGqg5wS7epxTv0Zvw==
  dependencies:
    call-bind "^1.0.0"
    get-intrinsic "^1.0.2"
    object-inspect "^1.9.0"

stack-chain@^1.3.7:
  version "1.3.7"
  resolved "https://registry.yarnpkg.com/stack-chain/-/stack-chain-1.3.7.tgz#d192c9ff4ea6a22c94c4dd459171e3f00cea1285"
  integrity sha1-0ZLJ/06moiyUxN1FkXHj8AzqEoU=

"statuses@>= 1.5.0 < 2":
  version "1.5.0"
  resolved "https://registry.yarnpkg.com/statuses/-/statuses-1.5.0.tgz#161c7dac177659fd9811f43771fa99381478628c"
  integrity sha1-Fhx9rBd2Wf2YEfQ3cfqZOBR4Yow=

streamsearch@0.1.2:
  version "0.1.2"
  resolved "https://registry.yarnpkg.com/streamsearch/-/streamsearch-0.1.2.tgz#808b9d0e56fc273d809ba57338e929919a1a9f1a"
  integrity sha1-gIudDlb8Jz2Am6VzOOkpkZoanxo=

to-readable-stream@^1.0.0:
  version "1.0.0"
  resolved "https://registry.yarnpkg.com/to-readable-stream/-/to-readable-stream-1.0.0.tgz#ce0aa0c2f3df6adf852efb404a783e77c0475771"
  integrity sha512-Iq25XBt6zD5npPhlLVXGFN3/gyR2/qODcKNNyTMd4vbm39HUaOiAM4PMq0eMVC/Tkxz+Zjdsc55g9yyz+Yq00Q==

toidentifier@1.0.0:
  version "1.0.0"
  resolved "https://registry.yarnpkg.com/toidentifier/-/toidentifier-1.0.0.tgz#7e1be3470f1e77948bc43d94a3c8f4d7752ba553"
  integrity sha512-yaOH/Pk/VEhBWWTlhI+qXxDFXlejDGcQipMlyxda9nthulaxLZUNcUqFxokp0vcYnvteJln5FNQDRrxj3YcbVw==

tslib@^1.8.0, tslib@^1.9.3:
  version "1.10.0"
  resolved "https://registry.yarnpkg.com/tslib/-/tslib-1.10.0.tgz#c3c19f95973fb0a62973fb09d90d961ee43e5c8a"
  integrity sha512-qOebF53frne81cf0S9B41ByenJ3/IuH8yJKngAX35CmiZySA0khhkovshKK+jGCaMnVomla7gVlIcc3EvKPbTQ==

type-fest@^0.3.0:
  version "0.3.1"
  resolved "https://registry.yarnpkg.com/type-fest/-/type-fest-0.3.1.tgz#63d00d204e059474fe5e1b7c011112bbd1dc29e1"
  integrity sha512-cUGJnCdr4STbePCgqNFbpVNCepa+kAVohJs1sLhxzdH+gnEoOd8VhbYa7pD3zZYGiURWM2xzEII3fQcRizDkYQ==

uri-js@^4.2.2:
  version "4.2.2"
  resolved "https://registry.yarnpkg.com/uri-js/-/uri-js-4.2.2.tgz#94c540e1ff772956e2299507c010aea6c8838eb0"
  integrity sha512-KY9Frmirql91X2Qgjry0Wd4Y+YTdrdZheS8TFwvkbLWf/G5KNJDCh6pKL5OZctEW4+0Baa5idK2ZQuELRwPznQ==
  dependencies:
    punycode "^2.1.0"

url-parse-lax@^3.0.0:
  version "3.0.0"
  resolved "https://registry.yarnpkg.com/url-parse-lax/-/url-parse-lax-3.0.0.tgz#16b5cafc07dbe3676c1b1999177823d6503acb0c"
  integrity sha1-FrXK/Afb42dsGxmZF3gj1lA6yww=
  dependencies:
    prepend-http "^2.0.0"

url@0.10.3:
  version "0.10.3"
  resolved "https://registry.yarnpkg.com/url/-/url-0.10.3.tgz#021e4d9c7705f21bbf37d03ceb58767402774c64"
  integrity sha1-Ah5NnHcF8hu/N9A861h2dAJ3TGQ=
  dependencies:
    punycode "1.3.2"
    querystring "0.2.0"

url@^0.11.0:
  version "0.11.0"
  resolved "https://registry.yarnpkg.com/url/-/url-0.11.0.tgz#3838e97cfc60521eb73c525a8e55bfdd9e2e28f1"
  integrity sha1-ODjpfPxgUh63PFJajlW/3Z4uKPE=
  dependencies:
    punycode "1.3.2"
    querystring "0.2.0"

uuid@3.3.2:
  version "3.3.2"
  resolved "https://registry.yarnpkg.com/uuid/-/uuid-3.3.2.tgz#1b4af4955eb3077c501c23872fc6513811587131"
  integrity sha512-yXJmeNaw3DnnKAOKJE51sL/ZaYfWJRl1pK9dr19YFCu0ObS231AB1/LbqTKRAQ5kw8A90rA6fr4riOUpTZvQZA==

uuid@^3.2.1:
  version "3.3.3"
  resolved "https://registry.yarnpkg.com/uuid/-/uuid-3.3.3.tgz#4568f0216e78760ee1dbf3a4d2cf53e224112866"
  integrity sha512-pW0No1RGHgzlpHJO1nsVrHKpOEIxkGg1xB+v0ZmdNH5OAeAwzAVrCnI2/6Mtx+Uys6iaylxa+D3g4j63IKKjSQ==

wrappy@1:
  version "1.0.2"
  resolved "https://registry.yarnpkg.com/wrappy/-/wrappy-1.0.2.tgz#b5243d8f3ec1aa35f1364605bc0d1036e30ab69f"
  integrity sha1-tSQ9jz7BqjXxNkYFvA0QNuMKtp8=

xml2js@0.4.19:
  version "0.4.19"
  resolved "https://registry.yarnpkg.com/xml2js/-/xml2js-0.4.19.tgz#686c20f213209e94abf0d1bcf1efaa291c7827a7"
  integrity sha512-esZnJZJOiJR9wWKMyuvSE1y6Dq5LCuJanqhxslH2bxM6duahNZ+HMpCLhBQGZkbX6xRf8x1Y2eJlgt2q3qo49Q==
  dependencies:
    sax ">=0.6.0"
    xmlbuilder "~9.0.1"

xmlbuilder@~9.0.1:
  version "9.0.7"
  resolved "https://registry.yarnpkg.com/xmlbuilder/-/xmlbuilder-9.0.7.tgz#132ee63d2ec5565c557e20f4c22df9aca686b10d"
  integrity sha1-Ey7mPS7FVlxVfiD0wi35rKaGsQ0=

zen-observable@^0.8.6:
  version "0.8.15"
  resolved "https://registry.yarnpkg.com/zen-observable/-/zen-observable-0.8.15.tgz#96415c512d8e3ffd920afd3889604e30b9eaac15"
  integrity sha512-PQ2PC7R9rslx84ndNBZB/Dkv8V8fZEpk83RLgXtYd0fwUgEjseMn1Dgajh2x6S8QbZAFa9p2qVCEuYZNgve0dQ==
